
Microsoft Visual Studio Solution File, Format Version 12.00
# Visual Studio 14
VisualStudioVersion = 14.0.25420.1
MinimumVisualStudioVersion = 10.0.40219.1
Project("{FAE04EC0-301F-11D3-BF4B-00C04F79EFBC}") = "Box2DSharp", "Box2DSharp.csproj", "{C6328F31-DF53-4CE5-B093-F51901BB9030}"
EndProject
Project("{FAE04EC0-301F-11D3-BF4B-00C04F79EFBC}") = "HelloWorld", "..\HelloWorld\HelloWorld.csproj", "{E092FA26-AA0E-433F-A371-B181A8ECC0C2}"
	ProjectSection(ProjectDependencies) = postProject
		{C6328F31-DF53-4CE5-B093-F51901BB9030} = {C6328F31-DF53-4CE5-B093-F51901BB9030}
	EndProjectSection
EndProject
Global
	GlobalSection(SolutionConfigurationPlatforms) = preSolution
		Debug|Any CPU = Debug|Any CPU
		Release|Any CPU = Release|Any CPU
	EndGlobalSection
	GlobalSection(ProjectConfigurationPlatforms) = postSolution
		{C6328F31-DF53-4CE5-B093-F51901BB9030}.Debug|Any CPU.ActiveCfg = Debug|Any CPU
		{C6328F31-DF53-4CE5-B093-F51901BB9030}.Debug|Any CPU.Build.0 = Debug|Any CPU
		{C6328F31-DF53-4CE5-B093-F51901BB9030}.Release|Any CPU.ActiveCfg = Release|Any CPU
		{C6328F31-DF53-4CE5-B093-F51901BB9030}.Release|Any CPU.Build.0 = Release|Any CPU
		{E092FA26-AA0E-433F-A371-B181A8ECC0C2}.Debug|Any CPU.ActiveCfg = Debug|Any CPU
		{E092FA26-AA0E-433F-A371-B181A8ECC0C2}.Debug|Any CPU.Build.0 = Debug|Any CPU
		{E092FA26-AA0E-433F-A371-B181A8ECC0C2}.Release|Any CPU.ActiveCfg = Release|Any CPU
		{E092FA26-AA0E-433F-A371-B181A8ECC0C2}.Release|Any CPU.Build.0 = Release|Any CPU
	EndGlobalSection
	GlobalSection(SolutionProperties) = preSolution
		HideSolutionNode = FALSE
	EndGlobalSection
	GlobalSection(ExtensibilityGlobals) = postSolution
		SolutionGuid = {3BB614C4-2A31-4C1E-9177-C71AF43FAD1F}
	EndGlobalSection
EndGlobal
